// !$*UTF8*$!
{
	archiveVersion = 1;
	classes = {
	};
	objectVersion = 46;
	objects = {

/* Begin PBXBuildFile section */
		0F26174A1F90887700F15B6C /* main.m in Sources */ = {isa = PBXBuildFile; fileRef = 0F2617491F90887700F15B6C /* main.m */; };
		0F26174D1F90887700F15B6C /* AppDelegate.m in Sources */ = {isa = PBXBuildFile; fileRef = 0F26174C1F90887700F15B6C /* AppDelegate.m */; };
		0F2617501F90887700F15B6C /* ViewController.m in Sources */ = {isa = PBXBuildFile; fileRef = 0F26174F1F90887700F15B6C /* ViewController.m */; };
		0F2617531F90887700F15B6C /* Main.storyboard in Resources */ = {isa = PBXBuildFile; fileRef = 0F2617511F90887700F15B6C /* Main.storyboard */; };
		0F2617551F90887700F15B6C /* Assets.xcassets in Resources */ = {isa = PBXBuildFile; fileRef = 0F2617541F90887700F15B6C /* Assets.xcassets */; };
		0F2617581F90887700F15B6C /* LaunchScreen.storyboard in Resources */ = {isa = PBXBuildFile; fileRef = 0F2617561F90887700F15B6C /* LaunchScreen.storyboard */; };
		0F2617631F90887700F15B6C /* TheServiceDemoTests.m in Sources */ = {isa = PBXBuildFile; fileRef = 0F2617621F90887700F15B6C /* TheServiceDemoTests.m */; };
		0F26176E1F90887700F15B6C /* TheServiceDemoUITests.m in Sources */ = {isa = PBXBuildFile; fileRef = 0F26176D1F90887700F15B6C /* TheServiceDemoUITests.m */; };
		357110AB79D188051158F3C2 /* libPods-TheServiceDemoTests.a in Frameworks */ = {isa = PBXBuildFile; fileRef = 0D11AB7FC4BC0E3FE7B4B7F4 /* libPods-TheServiceDemoTests.a */; };
		588D2EF53015A5B484FFFEDA /* libPods-TheServiceDemoUITests.a in Frameworks */ = {isa = PBXBuildFile; fileRef = 3D990319697CC32508267C5F /* libPods-TheServiceDemoUITests.a */; };
		EE99A8E05CBFE1C8BC11A36B /* libPods-TheServiceDemo.a in Frameworks */ = {isa = PBXBuildFile; fileRef = FA8393E9391600154FFF2B88 /* libPods-TheServiceDemo.a */; };
/* End PBXBuildFile section */

/* Begin PBXContainerItemProxy section */
		0F26175F1F90887700F15B6C /* PBXContainerItemProxy */ = {
			isa = PBXContainerItemProxy;
			containerPortal = 0F26173D1F90887700F15B6C /* Project object */;
			proxyType = 1;
			remoteGlobalIDString = 0F2617441F90887700F15B6C;
			remoteInfo = TheServiceDemo;
		};
		0F26176A1F90887700F15B6C /* PBXContainerItemProxy */ = {
			isa = PBXContainerItemProxy;
			containerPortal = 0F26173D1F90887700F15B6C /* Project object */;
			proxyType = 1;
			remoteGlobalIDString = 0F2617441F90887700F15B6C;
			remoteInfo = TheServiceDemo;
		};
/* End PBXContainerItemProxy section */

/* Begin PBXFileReference section */
		0D11AB7FC4BC0E3FE7B4B7F4 /* libPods-TheServiceDemoTests.a */ = {isa = PBXFileReference; explicitFileType = archive.ar; includeInIndex = 0; path = "libPods-TheServiceDemoTests.a"; sourceTree = BUILT_PRODUCTS_DIR; };
		0F2617451F90887700F15B6C /* TheServiceDemo.app */ = {isa = PBXFileReference; explicitFileType = wrapper.application; includeInIndex = 0; path = TheServiceDemo.app; sourceTree = BUILT_PRODUCTS_DIR; };
		0F2617491F90887700F15B6C /* main.m */ = {isa = PBXFileReference; lastKnownFileType = sourcecode.c.objc; path = main.m; sourceTree = "<group>"; };
		0F26174B1F90887700F15B6C /* AppDelegate.h */ = {isa = PBXFileReference; lastKnownFileType = sourcecode.c.h; path = AppDelegate.h; sourceTree = "<group>"; };
		0F26174C1F90887700F15B6C /* AppDelegate.m */ = {isa = PBXFileReference; lastKnownFileType = sourcecode.c.objc; path = AppDelegate.m; sourceTree = "<group>"; };
		0F26174E1F90887700F15B6C /* ViewController.h */ = {isa = PBXFileReference; lastKnownFileType = sourcecode.c.h; path = ViewController.h; sourceTree = "<group>"; };
		0F26174F1F90887700F15B6C /* ViewController.m */ = {isa = PBXFileReference; lastKnownFileType = sourcecode.c.objc; path = ViewController.m; sourceTree = "<group>"; };
		0F2617521F90887700F15B6C /* Base */ = {isa = PBXFileReference; lastKnownFileType = file.storyboard; name = Base; path = Base.lproj/Main.storyboard; sourceTree = "<group>"; };
		0F2617541F90887700F15B6C /* Assets.xcassets */ = {isa = PBXFileReference; lastKnownFileType = folder.assetcatalog; path = Assets.xcassets; sourceTree = "<group>"; };
		0F2617571F90887700F15B6C /* Base */ = {isa = PBXFileReference; lastKnownFileType = file.storyboard; name = Base; path = Base.lproj/LaunchScreen.storyboard; sourceTree = "<group>"; };
		0F2617591F90887700F15B6C /* Info.plist */ = {isa = PBXFileReference; lastKnownFileType = text.plist.xml; path = Info.plist; sourceTree = "<group>"; };
		0F26175E1F90887700F15B6C /* TheServiceDemoTests.xctest */ = {isa = PBXFileReference; explicitFileType = wrapper.cfbundle; includeInIndex = 0; path = TheServiceDemoTests.xctest; sourceTree = BUILT_PRODUCTS_DIR; };
		0F2617621F90887700F15B6C /* TheServiceDemoTests.m */ = {isa = PBXFileReference; lastKnownFileType = sourcecode.c.objc; path = TheServiceDemoTests.m; sourceTree = "<group>"; };
		0F2617641F90887700F15B6C /* Info.plist */ = {isa = PBXFileReference; lastKnownFileType = text.plist.xml; path = Info.plist; sourceTree = "<group>"; };
		0F2617691F90887700F15B6C /* TheServiceDemoUITests.xctest */ = {isa = PBXFileReference; explicitFileType = wrapper.cfbundle; includeInIndex = 0; path = TheServiceDemoUITests.xctest; sourceTree = BUILT_PRODUCTS_DIR; };
		0F26176D1F90887700F15B6C /* TheServiceDemoUITests.m */ = {isa = PBXFileReference; lastKnownFileType = sourcecode.c.objc; path = TheServiceDemoUITests.m; sourceTree = "<group>"; };
		0F26176F1F90887700F15B6C /* Info.plist */ = {isa = PBXFileReference; lastKnownFileType = text.plist.xml; path = Info.plist; sourceTree = "<group>"; };
		3D990319697CC32508267C5F /* libPods-TheServiceDemoUITests.a */ = {isa = PBXFileReference; explicitFileType = archive.ar; includeInIndex = 0; path = "libPods-TheServiceDemoUITests.a"; sourceTree = BUILT_PRODUCTS_DIR; };
		55119EA9931B874E57E01B31 /* Pods-TheServiceDemo.release.xcconfig */ = {isa = PBXFileReference; includeInIndex = 1; lastKnownFileType = text.xcconfig; name = "Pods-TheServiceDemo.release.xcconfig"; path = "Pods/Target Support Files/Pods-TheServiceDemo/Pods-TheServiceDemo.release.xcconfig"; sourceTree = "<group>"; };
		630CBE757B132037656BAE92 /* Pods-TheServiceDemoTests.release.xcconfig */ = {isa = PBXFileReference; includeInIndex = 1; lastKnownFileType = text.xcconfig; name = "Pods-TheServiceDemoTests.release.xcconfig"; path = "Pods/Target Support Files/Pods-TheServiceDemoTests/Pods-TheServiceDemoTests.release.xcconfig"; sourceTree = "<group>"; };
		73818AEA0F3A19D21EBEE69C /* Pods-TheServiceDemoTests.debug.xcconfig */ = {isa = PBXFileReference; includeInIndex = 1; lastKnownFileType = text.xcconfig; name = "Pods-TheServiceDemoTests.debug.xcconfig"; path = "Pods/Target Support Files/Pods-TheServiceDemoTests/Pods-TheServiceDemoTests.debug.xcconfig"; sourceTree = "<group>"; };
		99B28DF1385D555CFD9DB5FC /* Pods-TheServiceDemoUITests.release.xcconfig */ = {isa = PBXFileReference; includeInIndex = 1; lastKnownFileType = text.xcconfig; name = "Pods-TheServiceDemoUITests.release.xcconfig"; path = "Pods/Target Support Files/Pods-TheServiceDemoUITests/Pods-TheServiceDemoUITests.release.xcconfig"; sourceTree = "<group>"; };
		9C5B52EC7A8D05011F662C48 /* Pods-TheServiceDemo.debug.xcconfig */ = {isa = PBXFileReference; includeInIndex = 1; lastKnownFileType = text.xcconfig; name = "Pods-TheServiceDemo.debug.xcconfig"; path = "Pods/Target Support Files/Pods-TheServiceDemo/Pods-TheServiceDemo.debug.xcconfig"; sourceTree = "<group>"; };
		BE237C9CAFB0BEBC8A887837 /* Pods-TheServiceDemoUITests.debug.xcconfig */ = {isa = PBXFileReference; includeInIndex = 1; lastKnownFileType = text.xcconfig; name = "Pods-TheServiceDemoUITests.debug.xcconfig"; path = "Pods/Target Support Files/Pods-TheServiceDemoUITests/Pods-TheServiceDemoUITests.debug.xcconfig"; sourceTree = "<group>"; };
		FA8393E9391600154FFF2B88 /* libPods-TheServiceDemo.a */ = {isa = PBXFileReference; explicitFileType = archive.ar; includeInIndex = 0; path = "libPods-TheServiceDemo.a"; sourceTree = BUILT_PRODUCTS_DIR; };
/* End PBXFileReference section */

/* Begin PBXFrameworksBuildPhase section */
		0F2617421F90887700F15B6C /* Frameworks */ = {
			isa = PBXFrameworksBuildPhase;
			buildActionMask = 2147483647;
			files = (
				EE99A8E05CBFE1C8BC11A36B /* libPods-TheServiceDemo.a in Frameworks */,
			);
			runOnlyForDeploymentPostprocessing = 0;
		};
		0F26175B1F90887700F15B6C /* Frameworks */ = {
			isa = PBXFrameworksBuildPhase;
			buildActionMask = 2147483647;
			files = (
				357110AB79D188051158F3C2 /* libPods-TheServiceDemoTests.a in Frameworks */,
			);
			runOnlyForDeploymentPostprocessing = 0;
		};
		0F2617661F90887700F15B6C /* Frameworks */ = {
			isa = PBXFrameworksBuildPhase;
			buildActionMask = 2147483647;
			files = (
				588D2EF53015A5B484FFFEDA /* libPods-TheServiceDemoUITests.a in Frameworks */,
			);
			runOnlyForDeploymentPostprocessing = 0;
		};
/* End PBXFrameworksBuildPhase section */

/* Begin PBXGroup section */
		0F26173C1F90887700F15B6C = {
			isa = PBXGroup;
			children = (
				0F2617471F90887700F15B6C /* TheServiceDemo */,
				0F2617611F90887700F15B6C /* TheServiceDemoTests */,
				0F26176C1F90887700F15B6C /* TheServiceDemoUITests */,
				0F2617461F90887700F15B6C /* Products */,
				8D20B438ED00819599CF723E /* Pods */,
				6EBA42842DEE9692EC09F740 /* Frameworks */,
			);
			sourceTree = "<group>";
		};
		0F2617461F90887700F15B6C /* Products */ = {
			isa = PBXGroup;
			children = (
				0F2617451F90887700F15B6C /* TheServiceDemo.app */,
				0F26175E1F90887700F15B6C /* TheServiceDemoTests.xctest */,
				0F2617691F90887700F15B6C /* TheServiceDemoUITests.xctest */,
			);
			name = Products;
			sourceTree = "<group>";
		};
		0F2617471F90887700F15B6C /* TheServiceDemo */ = {
			isa = PBXGroup;
			children = (
				0F26174B1F90887700F15B6C /* AppDelegate.h */,
				0F26174C1F90887700F15B6C /* AppDelegate.m */,
				0F26174E1F90887700F15B6C /* ViewController.h */,
				0F26174F1F90887700F15B6C /* ViewController.m */,
				0F2617511F90887700F15B6C /* Main.storyboard */,
				0F2617541F90887700F15B6C /* Assets.xcassets */,
				0F2617561F90887700F15B6C /* LaunchScreen.storyboard */,
				0F2617591F90887700F15B6C /* Info.plist */,
				0F2617481F90887700F15B6C /* Supporting Files */,
			);
			path = TheServiceDemo;
			sourceTree = "<group>";
		};
		0F2617481F90887700F15B6C /* Supporting Files */ = {
			isa = PBXGroup;
			children = (
				0F2617491F90887700F15B6C /* main.m */,
			);
			name = "Supporting Files";
			sourceTree = "<group>";
		};
		0F2617611F90887700F15B6C /* TheServiceDemoTests */ = {
			isa = PBXGroup;
			children = (
				0F2617621F90887700F15B6C /* TheServiceDemoTests.m */,
				0F2617641F90887700F15B6C /* Info.plist */,
			);
			path = TheServiceDemoTests;
			sourceTree = "<group>";
		};
		0F26176C1F90887700F15B6C /* TheServiceDemoUITests */ = {
			isa = PBXGroup;
			children = (
				0F26176D1F90887700F15B6C /* TheServiceDemoUITests.m */,
				0F26176F1F90887700F15B6C /* Info.plist */,
			);
			path = TheServiceDemoUITests;
			sourceTree = "<group>";
		};
		6EBA42842DEE9692EC09F740 /* Frameworks */ = {
			isa = PBXGroup;
			children = (
				FA8393E9391600154FFF2B88 /* libPods-TheServiceDemo.a */,
				0D11AB7FC4BC0E3FE7B4B7F4 /* libPods-TheServiceDemoTests.a */,
				3D990319697CC32508267C5F /* libPods-TheServiceDemoUITests.a */,
			);
			name = Frameworks;
			sourceTree = "<group>";
		};
		8D20B438ED00819599CF723E /* Pods */ = {
			isa = PBXGroup;
			children = (
				9C5B52EC7A8D05011F662C48 /* Pods-TheServiceDemo.debug.xcconfig */,
				55119EA9931B874E57E01B31 /* Pods-TheServiceDemo.release.xcconfig */,
				73818AEA0F3A19D21EBEE69C /* Pods-TheServiceDemoTests.debug.xcconfig */,
				630CBE757B132037656BAE92 /* Pods-TheServiceDemoTests.release.xcconfig */,
				BE237C9CAFB0BEBC8A887837 /* Pods-TheServiceDemoUITests.debug.xcconfig */,
				99B28DF1385D555CFD9DB5FC /* Pods-TheServiceDemoUITests.release.xcconfig */,
			);
			name = Pods;
			sourceTree = "<group>";
		};
/* End PBXGroup section */

/* Begin PBXNativeTarget section */
		0F2617441F90887700F15B6C /* TheServiceDemo */ = {
			isa = PBXNativeTarget;
			buildConfigurationList = 0F2617721F90887700F15B6C /* Build configuration list for PBXNativeTarget "TheServiceDemo" */;
			buildPhases = (
				53C48CB8039B8520B650B5AC /* [CP] Check Pods Manifest.lock */,
				0F2617411F90887700F15B6C /* Sources */,
				0F2617421F90887700F15B6C /* Frameworks */,
				0F2617431F90887700F15B6C /* Resources */,
				559A4C85F78A648F70199374 /* [CP] Embed Pods Frameworks */,
				5DE7ACBB4458B6CA5B4B2036 /* [CP] Copy Pods Resources */,
			);
			buildRules = (
			);
			dependencies = (
			);
			name = TheServiceDemo;
			productName = TheServiceDemo;
			productReference = 0F2617451F90887700F15B6C /* TheServiceDemo.app */;
			productType = "com.apple.product-type.application";
		};
		0F26175D1F90887700F15B6C /* TheServiceDemoTests */ = {
			isa = PBXNativeTarget;
			buildConfigurationList = 0F2617751F90887700F15B6C /* Build configuration list for PBXNativeTarget "TheServiceDemoTests" */;
			buildPhases = (
				3370CAF32284EF55063545A9 /* [CP] Check Pods Manifest.lock */,
				0F26175A1F90887700F15B6C /* Sources */,
				0F26175B1F90887700F15B6C /* Frameworks */,
				0F26175C1F90887700F15B6C /* Resources */,
				80EF82989882F8D6949EC942 /* [CP] Embed Pods Frameworks */,
				D8CF5E198954F18655F44582 /* [CP] Copy Pods Resources */,
			);
			buildRules = (
			);
			dependencies = (
				0F2617601F90887700F15B6C /* PBXTargetDependency */,
			);
			name = TheServiceDemoTests;
			productName = TheServiceDemoTests;
			productReference = 0F26175E1F90887700F15B6C /* TheServiceDemoTests.xctest */;
			productType = "com.apple.product-type.bundle.unit-test";
		};
		0F2617681F90887700F15B6C /* TheServiceDemoUITests */ = {
			isa = PBXNativeTarget;
			buildConfigurationList = 0F2617781F90887700F15B6C /* Build configuration list for PBXNativeTarget "TheServiceDemoUITests" */;
			buildPhases = (
				9B4B52CEE62C3AFB6627D767 /* [CP] Check Pods Manifest.lock */,
				0F2617651F90887700F15B6C /* Sources */,
				0F2617661F90887700F15B6C /* Frameworks */,
				0F2617671F90887700F15B6C /* Resources */,
				18862B44E49097B582280103 /* [CP] Embed Pods Frameworks */,
				AE0B9348BBE8480062B59424 /* [CP] Copy Pods Resources */,
			);
			buildRules = (
			);
			dependencies = (
				0F26176B1F90887700F15B6C /* PBXTargetDependency */,
			);
			name = TheServiceDemoUITests;
			productName = TheServiceDemoUITests;
			productReference = 0F2617691F90887700F15B6C /* TheServiceDemoUITests.xctest */;
			productType = "com.apple.product-type.bundle.ui-testing";
		};
/* End PBXNativeTarget section */

/* Begin PBXProject section */
		0F26173D1F90887700F15B6C /* Project object */ = {
			isa = PBXProject;
			attributes = {
				LastUpgradeCheck = 0830;
				ORGANIZATIONNAME = "范云飞";
				TargetAttributes = {
					0F2617441F90887700F15B6C = {
						CreatedOnToolsVersion = 8.3.3;
						DevelopmentTeam = 4H33EPS92X;
						ProvisioningStyle = Automatic;
					};
					0F26175D1F90887700F15B6C = {
						CreatedOnToolsVersion = 8.3.3;
						DevelopmentTeam = 4H33EPS92X;
						ProvisioningStyle = Automatic;
						TestTargetID = 0F2617441F90887700F15B6C;
					};
					0F2617681F90887700F15B6C = {
						CreatedOnToolsVersion = 8.3.3;
						DevelopmentTeam = 4H33EPS92X;
						ProvisioningStyle = Automatic;
						TestTargetID = 0F2617441F90887700F15B6C;
					};
				};
			};
			buildConfigurationList = 0F2617401F90887700F15B6C /* Build configuration list for PBXProject "TheServiceDemo" */;
			compatibilityVersion = "Xcode 3.2";
			developmentRegion = English;
			hasScannedForEncodings = 0;
			knownRegions = (
				en,
				Base,
			);
			mainGroup = 0F26173C1F90887700F15B6C;
			productRefGroup = 0F2617461F90887700F15B6C /* Products */;
			projectDirPath = "";
			projectRoot = "";
			targets = (
				0F2617441F90887700F15B6C /* TheServiceDemo */,
				0F26175D1F90887700F15B6C /* TheServiceDemoTests */,
				0F2617681F90887700F15B6C /* TheServiceDemoUITests */,
			);
		};
/* End PBXProject section */

/* Begin PBXResourcesBuildPhase section */
		0F2617431F90887700F15B6C /* Resources */ = {
			isa = PBXResourcesBuildPhase;
			buildActionMask = 2147483647;
			files = (
				0F2617581F90887700F15B6C /* LaunchScreen.storyboard in Resources */,
				0F2617551F90887700F15B6C /* Assets.xcassets in Resources */,
				0F2617531F90887700F15B6C /* Main.storyboard in Resources */,
			);
			runOnlyForDeploymentPostprocessing = 0;
		};
		0F26175C1F90887700F15B6C /* Resources */ = {
			isa = PBXResourcesBuildPhase;
			buildActionMask = 2147483647;
			files = (
			);
			runOnlyForDeploymentPostprocessing = 0;
		};
		0F2617671F90887700F15B6C /* Resources */ = {
			isa = PBXResourcesBuildPhase;
			buildActionMask = 2147483647;
			files = (
			);
			runOnlyForDeploymentPostprocessing = 0;
		};
/* End PBXResourcesBuildPhase section */

/* Begin PBXShellScriptBuildPhase section */
		18862B44E49097B582280103 /* [CP] Embed Pods Frameworks */ = {
			isa = PBXShellScriptBuildPhase;
			buildActionMask = 2147483647;
			files = (
			);
			inputPaths = (
			);
			name = "[CP] Embed Pods Frameworks";
			outputPaths = (
			);
			runOnlyForDeploymentPostprocessing = 0;
			shellPath = /bin/sh;
			shellScript = "\"${SRCROOT}/Pods/Target Support Files/Pods-TheServiceDemoUITests/Pods-TheServiceDemoUITests-frameworks.sh\"\n";
			showEnvVarsInLog = 0;
		};
		3370CAF32284EF55063545A9 /* [CP] Check Pods Manifest.lock */ = {
			isa = PBXShellScriptBuildPhase;
			buildActionMask = 2147483647;
			files = (
			);
			inputPaths = (
				"${PODS_PODFILE_DIR_PATH}/Podfile.lock",
				"${PODS_ROOT}/Manifest.lock",
			);
			name = "[CP] Check Pods Manifest.lock";
			outputPaths = (
				"$(DERIVED_FILE_DIR)/Pods-TheServiceDemoTests-checkManifestLockResult.txt",
			);
			runOnlyForDeploymentPostprocessing = 0;
			shellPath = /bin/sh;
			shellScript = "diff \"${PODS_PODFILE_DIR_PATH}/Podfile.lock\" \"${PODS_ROOT}/Manifest.lock\" > /dev/null\nif [ $? != 0 ] ; then\n    # print error to STDERR\n    echo \"error: The sandbox is not in sync with the Podfile.lock. Run 'pod install' or update your CocoaPods installation.\" >&2\n    exit 1\nfi\n# This output is used by Xcode 'outputs' to avoid re-running this script phase.\necho \"SUCCESS\" > \"${SCRIPT_OUTPUT_FILE_0}\"\n";
			showEnvVarsInLog = 0;
		};
		53C48CB8039B8520B650B5AC /* [CP] Check Pods Manifest.lock */ = {
			isa = PBXShellScriptBuildPhase;
			buildActionMask = 2147483647;
			files = (
			);
			inputPaths = (
				"${PODS_PODFILE_DIR_PATH}/Podfile.lock",
				"${PODS_ROOT}/Manifest.lock",
			);
			name = "[CP] Check Pods Manifest.lock";
			outputPaths = (
				"$(DERIVED_FILE_DIR)/Pods-TheServiceDemo-checkManifestLockResult.txt",
			);
			runOnlyForDeploymentPostprocessing = 0;
			shellPath = /bin/sh;
			shellScript = "diff \"${PODS_PODFILE_DIR_PATH}/Podfile.lock\" \"${PODS_ROOT}/Manifest.lock\" > /dev/null\nif [ $? != 0 ] ; then\n    # print error to STDERR\n    echo \"error: The sandbox is not in sync with the Podfile.lock. Run 'pod install' or update your CocoaPods installation.\" >&2\n    exit 1\nfi\n# This output is used by Xcode 'outputs' to avoid re-running this script phase.\necho \"SUCCESS\" > \"${SCRIPT_OUTPUT_FILE_0}\"\n";
			showEnvVarsInLog = 0;
		};
		559A4C85F78A648F70199374 /* [CP] Embed Pods Frameworks */ = {
			isa = PBXShellScriptBuildPhase;
			buildActionMask = 2147483647;
			files = (
			);
			inputPaths = (
			);
			name = "[CP] Embed Pods Frameworks";
			outputPaths = (
			);
			runOnlyForDeploymentPostprocessing = 0;
			shellPath = /bin/sh;
			shellScript = "\"${SRCROOT}/Pods/Target Support Files/Pods-TheServiceDemo/Pods-TheServiceDemo-frameworks.sh\"\n";
			showEnvVarsInLog = 0;
		};
		5DE7ACBB4458B6CA5B4B2036 /* [CP] Copy Pods Resources */ = {
			isa = PBXShellScriptBuildPhase;
			buildActionMask = 2147483647;
			files = (
			);
			inputPaths = (
			);
			name = "[CP] Copy Pods Resources";
			outputPaths = (
			);
			runOnlyForDeploymentPostprocessing = 0;
			shellPath = /bin/sh;
			shellScript = "\"${SRCROOT}/Pods/Target Support Files/Pods-TheServiceDemo/Pods-TheServiceDemo-resources.sh\"\n";
			showEnvVarsInLog = 0;
		};
		80EF82989882F8D6949EC942 /* [CP] Embed Pods Frameworks */ = {
			isa = PBXShellScriptBuildPhase;
			buildActionMask = 2147483647;
			files = (
			);
			inputPaths = (
			);
			name = "[CP] Embed Pods Frameworks";
			outputPaths = (
			);
			runOnlyForDeploymentPostprocessing = 0;
			shellPath = /bin/sh;
			shellScript = "\"${SRCROOT}/Pods/Target Support Files/Pods-TheServiceDemoTests/Pods-TheServiceDemoTests-frameworks.sh\"\n";
			showEnvVarsInLog = 0;
		};
		9B4B52CEE62C3AFB6627D767 /* [CP] Check Pods Manifest.lock */ = {
			isa = PBXShellScriptBuildPhase;
			buildActionMask = 2147483647;
			files = (
			);
			inputPaths = (
				"${PODS_PODFILE_DIR_PATH}/Podfile.lock",
				"${PODS_ROOT}/Manifest.lock",
			);
			name = "[CP] Check Pods Manifest.lock";
			outputPaths = (
				"$(DERIVED_FILE_DIR)/Pods-TheServiceDemoUITests-checkManifestLockResult.txt",
			);
			runOnlyForDeploymentPostprocessing = 0;
			shellPath = /bin/sh;
			shellScript = "diff \"${PODS_PODFILE_DIR_PATH}/Podfile.lock\" \"${PODS_ROOT}/Manifest.lock\" > /dev/null\nif [ $? != 0 ] ; then\n    # print error to STDERR\n    echo \"error: The sandbox is not in sync with the Podfile.lock. Run 'pod install' or update your CocoaPods installation.\" >&2\n    exit 1\nfi\n# This output is used by Xcode 'outputs' to avoid re-running this script phase.\necho \"SUCCESS\" > \"${SCRIPT_OUTPUT_FILE_0}\"\n";
			showEnvVarsInLog = 0;
		};
		AE0B9348BBE8480062B59424 /* [CP] Copy Pods Resources */ = {
			isa = PBXShellScriptBuildPhase;
			buildActionMask = 2147483647;
			files = (
			);
			inputPaths = (
			);
			name = "[CP] Copy Pods Resources";
			outputPaths = (
			);
			runOnlyForDeploymentPostprocessing = 0;
			shellPath = /bin/sh;
			shellScript = "\"${SRCROOT}/Pods/Target Support Files/Pods-TheServiceDemoUITests/Pods-TheServiceDemoUITests-resources.sh\"\n";
			showEnvVarsInLog = 0;
		};
		D8CF5E198954F18655F44582 /* [CP] Copy Pods Resources */ = {
			isa = PBXShellScriptBuildPhase;
			buildActionMask = 2147483647;
			files = (
			);
			inputPaths = (
			);
			name = "[CP] Copy Pods Resources";
			outputPaths = (
			);
			runOnlyForDeploymentPostprocessing = 0;
			shellPath = /bin/sh;
			shellScript = "\"${SRCROOT}/Pods/Target Support Files/Pods-TheServiceDemoTests/Pods-TheServiceDemoTests-resources.sh\"\n";
			showEnvVarsInLog = 0;
		};
/* End PBXShellScriptBuildPhase section */

/* Begin PBXSourcesBuildPhase section */
		0F2617411F90887700F15B6C /* Sources */ = {
			isa = PBXSourcesBuildPhase;
			buildActionMask = 2147483647;
			files = (
				0F2617501F90887700F15B6C /* ViewController.m in Sources */,
				0F26174D1F90887700F15B6C /* AppDelegate.m in Sources */,
				0F26174A1F90887700F15B6C /* main.m in Sources */,
			);
			runOnlyForDeploymentPostprocessing = 0;
		};
		0F26175A1F90887700F15B6C /* Sources */ = {
			isa = PBXSourcesBuildPhase;
			buildActionMask = 2147483647;
			files = (
				0F2617631F90887700F15B6C /* TheServiceDemoTests.m in Sources */,
			);
			runOnlyForDeploymentPostprocessing = 0;
		};
		0F2617651F90887700F15B6C /* Sources */ = {
			isa = PBXSourcesBuildPhase;
			buildActionMask = 2147483647;
			files = (
				0F26176E1F90887700F15B6C /* TheServiceDemoUITests.m in Sources */,
			);
			runOnlyForDeploymentPostprocessing = 0;
		};
/* End PBXSourcesBuildPhase section */

/* Begin PBXTargetDependency section */
		0F2617601F90887700F15B6C /* PBXTargetDependency */ = {
			isa = PBXTargetDependency;
			target = 0F2617441F90887700F15B6C /* TheServiceDemo */;
			targetProxy = 0F26175F1F90887700F15B6C /* PBXContainerItemProxy */;
		};
		0F26176B1F90887700F15B6C /* PBXTargetDependency */ = {
			isa = PBXTargetDependency;
			target = 0F2617441F90887700F15B6C /* TheServiceDemo */;
			targetProxy = 0F26176A1F90887700F15B6C /* PBXContainerItemProxy */;
		};
/* End PBXTargetDependency section */

/* Begin PBXVariantGroup section */
		0F2617511F90887700F15B6C /* Main.storyboard */ = {
			isa = PBXVariantGroup;
			children = (
				0F2617521F90887700F15B6C /* Base */,
			);
			name = Main.storyboard;
			sourceTree = "<group>";
		};
		0F2617561F90887700F15B6C /* LaunchScreen.storyboard */ = {
			isa = PBXVariantGroup;
			children = (
				0F2617571F90887700F15B6C /* Base */,
			);
			name = LaunchScreen.storyboard;
			sourceTree = "<group>";
		};
/* End PBXVariantGroup section */

/* Begin XCBuildConfiguration section */
		0F2617701F90887700F15B6C /* Debug */ = {
			isa = XCBuildConfiguration;
			buildSettings = {
				ALWAYS_SEARCH_USER_PATHS = NO;
				CLANG_ANALYZER_NONNULL = YES;
				CLANG_ANALYZER_NUMBER_OBJECT_CONVERSION = YES_AGGRESSIVE;
				CLANG_CXX_LANGUAGE_STANDARD = "gnu++0x";
				CLANG_CXX_LIBRARY = "libc++";
				CLANG_ENABLE_MODULES = YES;
				CLANG_ENABLE_OBJC_ARC = YES;
				CLANG_WARN_BOOL_CONVERSION = YES;
				CLANG_WARN_CONSTANT_CONVERSION = YES;
				CLANG_WARN_DIRECT_OBJC_ISA_USAGE = YES_ERROR;
				CLANG_WARN_DOCUMENTATION_COMMENTS = YES;
				CLANG_WARN_EMPTY_BODY = YES;
				CLANG_WARN_ENUM_CONVERSION = YES;
				CLANG_WARN_INFINITE_RECURSION = YES;
				CLANG_WARN_INT_CONVERSION = YES;
				CLANG_WARN_OBJC_ROOT_CLASS = YES_ERROR;
				CLANG_WARN_SUSPICIOUS_MOVE = YES;
				CLANG_WARN_UNREACHABLE_CODE = YES;
				CLANG_WARN__DUPLICATE_METHOD_MATCH = YES;
				"CODE_SIGN_IDENTITY[sdk=iphoneos*]" = "iPhone Developer";
				COPY_PHASE_STRIP = NO;
				DEBUG_INFORMATION_FORMAT = dwarf;
				ENABLE_STRICT_OBJC_MSGSEND = YES;
				ENABLE_TESTABILITY = YES;
				GCC_C_LANGUAGE_STANDARD = gnu99;
				GCC_DYNAMIC_NO_PIC = NO;
				GCC_NO_COMMON_BLOCKS = YES;
				GCC_OPTIMIZATION_LEVEL = 0;
				GCC_PREPROCESSOR_DEFINITIONS = (
					"DEBUG=1",
					"$(inherited)",
				);
				GCC_WARN_64_TO_32_BIT_CONVERSION = YES;
				GCC_WARN_ABOUT_RETURN_TYPE = YES_ERROR;
				GCC_WARN_UNDECLARED_SELECTOR = YES;
				GCC_WARN_UNINITIALIZED_AUTOS = YES_AGGRESSIVE;
				GCC_WARN_UNUSED_FUNCTION = YES;
				GCC_WARN_UNUSED_VARIABLE = YES;
				IPHONEOS_DEPLOYMENT_TARGET = 10.3;
				MTL_ENABLE_DEBUG_INFO = YES;
				ONLY_ACTIVE_ARCH = YES;
				SDKROOT = iphoneos;
				TARGETED_DEVICE_FAMILY = "1,2";
			};
			name = Debug;
		};
		0F2617711F90887700F15B6C /* Release */ = {
			isa = XCBuildConfiguration;
			buildSettings = {
				ALWAYS_SEARCH_USER_PATHS = NO;
				CLANG_ANALYZER_NONNULL = YES;
				CLANG_ANALYZER_NUMBER_OBJECT_CONVERSION = YES_AGGRESSIVE;
				CLANG_CXX_LANGUAGE_STANDARD = "gnu++0x";
				CLANG_CXX_LIBRARY = "libc++";
				CLANG_ENABLE_MODULES = YES;
				CLANG_ENABLE_OBJC_ARC = YES;
				CLANG_WARN_BOOL_CONVERSION = YES;
				CLANG_WARN_CONSTANT_CONVERSION = YES;
				CLANG_WARN_DIRECT_OBJC_ISA_USAGE = YES_ERROR;
				CLANG_WARN_DOCUMENTATION_COMMENTS = YES;
				CLANG_WARN_EMPTY_BODY = YES;
				CLANG_WARN_ENUM_CONVERSION = YES;
				CLANG_WARN_INFINITE_RECURSION = YES;
				CLANG_WARN_INT_CONVERSION = YES;
				CLANG_WARN_OBJC_ROOT_CLASS = YES_ERROR;
				CLANG_WARN_SUSPICIOUS_MOVE = YES;
				CLANG_WARN_UNREACHABLE_CODE = YES;
				CLANG_WARN__DUPLICATE_METHOD_MATCH = YES;
				"CODE_SIGN_IDENTITY[sdk=iphoneos*]" = "iPhone Developer";
				COPY_PHASE_STRIP = NO;
				DEBUG_INFORMATION_FORMAT = "dwarf-with-dsym";
				ENABLE_NS_ASSERTIONS = NO;
				ENABLE_STRICT_OBJC_MSGSEND = YES;
				GCC_C_LANGUAGE_STANDARD = gnu99;
				GCC_NO_COMMON_BLOCKS = YES;
				GCC_WARN_64_TO_32_BIT_CONVERSION = YES;
				GCC_WARN_ABOUT_RETURN_TYPE = YES_ERROR;
				GCC_WARN_UNDECLARED_SELECTOR = YES;
				GCC_WARN_UNINITIALIZED_AUTOS = YES_AGGRESSIVE;
				GCC_WARN_UNUSED_FUNCTION = YES;
				GCC_WARN_UNUSED_VARIABLE = YES;
				IPHONEOS_DEPLOYMENT_TARGET = 10.3;
				MTL_ENABLE_DEBUG_INFO = NO;
				SDKROOT = iphoneos;
				TARGETED_DEVICE_FAMILY = "1,2";
				VALIDATE_PRODUCT = YES;
			};
			name = Release;
		};
		0F2617731F90887700F15B6C /* Debug */ = {
			isa = XCBuildConfiguration;
			baseConfigurationReference = 9C5B52EC7A8D05011F662C48 /* Pods-TheServiceDemo.debug.xcconfig */;
			buildSettings = {
				ASSETCATALOG_COMPILER_APPICON_NAME = AppIcon;
				DEVELOPMENT_TEAM = 4H33EPS92X;
				INFOPLIST_FILE = TheServiceDemo/Info.plist;
				LD_RUNPATH_SEARCH_PATHS = "$(inherited) @executable_path/Frameworks";
				PRODUCT_BUNDLE_IDENTIFIER = "---.TheServiceDemo";
				PRODUCT_NAME = "$(TARGET_NAME)";
			};
			name = Debug;
		};
		0F2617741F90887700F15B6C /* Release */ = {
			isa = XCBuildConfiguration;
			baseConfigurationReference = 55119EA9931B874E57E01B31 /* Pods-TheServiceDemo.release.xcconfig */;
			buildSettings = {
				ASSETCATALOG_COMPILER_APPICON_NAME = AppIcon;
				DEVELOPMENT_TEAM = 4H33EPS92X;
				INFOPLIST_FILE = TheServiceDemo/Info.plist;
				LD_RUNPATH_SEARCH_PATHS = "$(inherited) @executable_path/Frameworks";
				PRODUCT_BUNDLE_IDENTIFIER = "---.TheServiceDemo";
				PRODUCT_NAME = "$(TARGET_NAME)";
			};
			name = Release;
		};
		0F2617761F90887700F15B6C /* Debug */ = {
			isa = XCBuildConfiguration;
			baseConfigurationReference = 73818AEA0F3A19D21EBEE69C /* Pods-TheServiceDemoTests.debug.xcconfig */;
			buildSettings = {
				BUNDLE_LOADER = "$(TEST_HOST)";
				DEVELOPMENT_TEAM = 4H33EPS92X;
				INFOPLIST_FILE = TheServiceDemoTests/Info.plist;
				LD_RUNPATH_SEARCH_PATHS = "$(inherited) @executable_path/Frameworks @loader_path/Frameworks";
				PRODUCT_BUNDLE_IDENTIFIER = "---.TheServiceDemoTests";
				PRODUCT_NAME = "$(TARGET_NAME)";
				TEST_HOST = "$(BUILT_PRODUCTS_DIR)/TheServiceDemo.app/TheServiceDemo";
			};
			name = Debug;
		};
		0F2617771F90887700F15B6C /* Release */ = {
			isa = XCBuildConfiguration;
			baseConfigurationReference = 630CBE757B132037656BAE92 /* Pods-TheServiceDemoTests.release.xcconfig */;
			buildSettings = {
				BUNDLE_LOADER = "$(TEST_HOST)";
				DEVELOPMENT_TEAM = 4H33EPS92X;
				INFOPLIST_FILE = TheServiceDemoTests/Info.plist;
				LD_RUNPATH_SEARCH_PATHS = "$(inherited) @executable_path/Frameworks @loader_path/Frameworks";
				PRODUCT_BUNDLE_IDENTIFIER = "---.TheServiceDemoTests";
				PRODUCT_NAME = "$(TARGET_NAME)";
				TEST_HOST = "$(BUILT_PRODUCTS_DIR)/TheServiceDemo.app/TheServiceDemo";
			};
			name = Release;
		};
		0F2617791F90887700F15B6C /* Debug */ = {
			isa = XCBuildConfiguration;
			baseConfigurationReference = BE237C9CAFB0BEBC8A887837 /* Pods-TheServiceDemoUITests.debug.xcconfig */;
			buildSettings = {
				DEVELOPMENT_TEAM = 4H33EPS92X;
				INFOPLIST_FILE = TheServiceDemoUITests/Info.plist;
				LD_RUNPATH_SEARCH_PATHS = "$(inherited) @executable_path/Frameworks @loader_path/Frameworks";
				PRODUCT_BUNDLE_IDENTIFIER = "---.TheServiceDemoUITests";
				PRODUCT_NAME = "$(TARGET_NAME)";
				TEST_TARGET_NAME = TheServiceDemo;
			};
			name = Debug;
		};
		0F26177A1F90887700F15B6C /* Release */ = {
			isa = XCBuildConfiguration;
			baseConfigurationReference = 99B28DF1385D555CFD9DB5FC /* Pods-TheServiceDemoUITests.release.xcconfig */;
			buildSettings = {
				DEVELOPMENT_TEAM = 4H33EPS92X;
				INFOPLIST_FILE = TheServiceDemoUITests/Info.plist;
				LD_RUNPATH_SEARCH_PATHS = "$(inherited) @executable_path/Frameworks @loader_path/Frameworks";
				PRODUCT_BUNDLE_IDENTIFIER = "---.TheServiceDemoUITests";
				PRODUCT_NAME = "$(TARGET_NAME)";
				TEST_TARGET_NAME = TheServiceDemo;
			};
			name = Release;
		};
/* End XCBuildConfiguration section */

/* Begin XCConfigurationList section */
		0F2617401F90887700F15B6C /* Build configuration list for PBXProject "TheServiceDemo" */ = {
			isa = XCConfigurationList;
			buildConfigurations = (
				0F2617701F90887700F15B6C /* Debug */,
				0F2617711F90887700F15B6C /* Release */,
			);
			defaultConfigurationIsVisible = 0;
			defaultConfigurationName = Release;
		};
		0F2617721F90887700F15B6C /* Build configuration list for PBXNativeTarget "TheServiceDemo" */ = {
			isa = XCConfigurationList;
			buildConfigurations = (
				0F2617731F90887700F15B6C /* Debug */,
				0F2617741F90887700F15B6C /* Release */,
			);
			defaultConfigurationIsVisible = 0;
		};
		0F2617751F90887700F15B6C /* Build configuration list for PBXNativeTarget "TheServiceDemoTests" */ = {
			isa = XCConfigurationList;
			buildConfigurations = (
				0F2617761F90887700F15B6C /* Debug */,
				0F2617771F90887700F15B6C /* Release */,
			);
			defaultConfigurationIsVisible = 0;
		};
		0F2617781F90887700F15B6C /* Build configuration list for PBXNativeTarget "TheServiceDemoUITests" */ = {
			isa = XCConfigurationList;
			buildConfigurations = (
				0F2617791F90887700F15B6C /* Debug */,
				0F26177A1F90887700F15B6C /* Release */,
			);
			defaultConfigurationIsVisible = 0;
		};
/* End XCConfigurationList section */
	};
	rootObject = 0F26173D1F90887700F15B6C /* Project object */;
}
